<Solution>
  <Project Path="frontend/frontend.esproj">
    <Build />
    <Deploy />
  </Project>
  <Project Path="HieuNinhCV.AppHost/HieuNinhCV.AppHost.csproj" />
  <Project Path="HieuNinhCV.Seeder/HieuNinhCV.Seeder.csproj" />
  <Project Path="HieuNinhCV.Server/HieuNinhCV.Server.csproj" />
</Solution>
